{
  "name": "lzc-npm",
  "version": "1.0.11",
  "lockfileVersion": 1,
  "requires": true,
  "dependencies": {
    "lzc-doing": {
      "version": "1.0.8",
      "resolved": "https://registry.npm.taobao.org/lzc-doing/download/lzc-doing-1.0.8.tgz",
      "integrity": "sha1-n6ucQFH+EOw8IxFkfMc+atOJvx0=",
      "requires": {
        "lzc-echo": "^1.0.3"
      },
      "dependencies": {
        "lzc-echo": {
          "version": "1.0.9",
          "resolved": "https://registry.npm.taobao.org/lzc-echo/download/lzc-echo-1.0.9.tgz",
          "integrity": "sha1-DII1A5mZ/Zs4JCmVNwEpeegVTPs="
        }
      }
    },
    "lzc-js": {
      "version": "1.0.2",
      "resolved": "https://registry.npm.taobao.org/lzc-js/download/lzc-js-1.0.2.tgz?cache=0&sync_timestamp=1565595900584&other_urls=https%3A%2F%2Fregistry.npm.taobao.org%2Flzc-js%2Fdownload%2Flzc-js-1.0.2.tgz",
      "integrity": "sha1-y3NL6BYCn0IU6sk/5m+6rZ9OYQs=",
      "requires": {
        "lzc-echo": "^1.0.9"
      },
      "dependencies": {
        "lzc-echo": {
          "version": "1.0.9",
          "resolved": "https://registry.npm.taobao.org/lzc-echo/download/lzc-echo-1.0.9.tgz",
          "integrity": "sha1-DII1A5mZ/Zs4JCmVNwEpeegVTPs="
        }
      }
    },
    "lzc-node": {
      "version": "1.0.4",
      "resolved": "https://registry.npm.taobao.org/lzc-node/download/lzc-node-1.0.4.tgz",
      "integrity": "sha1-ik0ZZJ4OOIjHLxjDmYa6cSLjPaA=",
      "requires": {
        "lzc-doing": "^1.0.7",
        "lzc-js": "^1.0.2"
      }
    }
  }
}
